# THIS IS AN AUTOGENERATED FILE. DO NOT EDIT THIS FILE DIRECTLY.
# yarn lockfile v1


"@atproto/api@^0.19.1":
  version "0.19.1"
  dependencies:
    "@atproto/common-web" "^0.4.18"
    "@atproto/lexicon" "^0.6.2"
    "@atproto/syntax" "^0.5.0"
    "@atproto/xrpc" "^0.7.7"
    await-lock "^2.2.2"
    multiformats "^9.9.0"
    tlds "^1.234.0"
    zod "^3.23.8"

"@atproto/common-web@^0.4.18":
  version "0.4.18"
  dependencies:
    "@atproto/lex-data" "^0.0.13"
    "@atproto/lex-json" "^0.0.13"
    "@atproto/syntax" "^0.5.0"
    zod "^3.23.8"

"@atproto/lex-data@^0.0.13":
  version "0.0.13"
  dependencies:
    multiformats "^9.9.0"
    tslib "^2.8.1"
    uint8arrays "3.0.0"
    unicode-segmenter "^0.14.0"

"@atproto/lex-json@^0.0.13":
  version "0.0.13"
  dependencies:
    "@atproto/lex-data" "^0.0.13"
    tslib "^2.8.1"

"@atproto/lexicon@^0.6.0", "@atproto/lexicon@^0.6.2":
  version "0.6.2"
  dependencies:
    "@atproto/common-web" "^0.4.18"
    "@atproto/syntax" "^0.5.0"
    iso-datestring-validator "^2.2.2"
    multiformats "^9.9.0"
    zod "^3.23.8"

"@atproto/syntax@^0.5.0":
  version "0.5.0"
  dependencies:
    tslib "^2.8.1"

"@atproto/xrpc@^0.7.7":
  version "0.7.7"
  dependencies:
    "@atproto/lexicon" "^0.6.0"
    zod "^3.23.8"

"@esbuild/darwin-arm64@0.27.3":
  version "0.27.3"

"@jridgewell/gen-mapping@^0.3.2":
  version "0.3.13"
  dependencies:
    "@jridgewell/sourcemap-codec" "^1.5.0"
    "@jridgewell/trace-mapping" "^0.3.24"

"@jridgewell/resolve-uri@^3.1.0":
  version "3.1.2"

"@jridgewell/sourcemap-codec@^1.4.14", "@jridgewell/sourcemap-codec@^1.5.0", "@jridgewell/sourcemap-codec@^1.5.5":
  version "1.5.5"

"@jridgewell/trace-mapping@^0.3.24":
  version "0.3.31"
  dependencies:
    "@jridgewell/resolve-uri" "^3.1.0"
    "@jridgewell/sourcemap-codec" "^1.4.14"

"@rollup/rollup-darwin-arm64@4.59.0":
  version "4.59.0"

"@standard-schema/spec@^1.0.0":
  version "1.1.0"

"@types/chai@^5.2.2":
  version "5.2.3"
  dependencies:
    "@types/deep-eql" "*"
    assertion-error "^2.0.1"

"@types/deep-eql@*":
  version "4.0.2"

"@types/estree@^1.0.0", "@types/estree@1.0.8":
  version "1.0.8"

"@types/node@*", "@types/node@^20.0.0 || ^22.0.0 || >=24.0.0", "@types/node@^20.19.0 || >=22.12.0", "@types/node@^25.3.3":
  version "25.3.3"
  dependencies:
    undici-types "~7.18.0"

"@types/semver@^7.7.1":
  version "7.7.1"

"@types/ws@^8":
  version "8.18.1"
  dependencies:
    "@types/node" "*"

"@vitest/expect@4.0.18":
  version "4.0.18"
  dependencies:
    "@standard-schema/spec" "^1.0.0"
    "@types/chai" "^5.2.2"
    "@vitest/spy" "4.0.18"
    "@vitest/utils" "4.0.18"
    chai "^6.2.1"
    tinyrainbow "^3.0.3"

"@vitest/mocker@4.0.18":
  version "4.0.18"
  dependencies:
    "@vitest/spy" "4.0.18"
    estree-walker "^3.0.3"
    magic-string "^0.30.21"

"@vitest/pretty-format@4.0.18":
  version "4.0.18"
  dependencies:
    tinyrainbow "^3.0.3"

"@vitest/runner@4.0.18":
  version "4.0.18"
  dependencies:
    "@vitest/utils" "4.0.18"
    pathe "^2.0.3"

"@vitest/snapshot@4.0.18":
  version "4.0.18"
  dependencies:
    "@vitest/pretty-format" "4.0.18"
    magic-string "^0.30.21"
    pathe "^2.0.3"

"@vitest/spy@4.0.18":
  version "4.0.18"

"@vitest/utils@4.0.18":
  version "4.0.18"
  dependencies:
    "@vitest/pretty-format" "4.0.18"
    tinyrainbow "^3.0.3"

acorn@^8.15.0:
  version "8.16.0"

any-promise@^1.0.0:
  version "1.3.0"

assertion-error@^2.0.1:
  version "2.0.1"

await-lock@^2.2.2:
  version "2.2.2"

boolbase@^1.0.0:
  version "1.0.0"

bundle-require@^5.1.0:
  version "5.1.0"
  dependencies:
    load-tsconfig "^0.2.3"

cac@^6.7.14:
  version "6.7.14"

chai@^6.2.1:
  version "6.2.2"

chalk@^5.6.2:
  version "5.6.2"

cheerio-select@^2.1.0:
  version "2.1.0"
  dependencies:
    boolbase "^1.0.0"
    css-select "^5.1.0"
    css-what "^6.1.0"
    domelementtype "^2.3.0"
    domhandler "^5.0.3"
    domutils "^3.0.1"

cheerio@^1.2.0:
  version "1.2.0"
  dependencies:
    cheerio-select "^2.1.0"
    dom-serializer "^2.0.0"
    domhandler "^5.0.3"
    domutils "^3.2.2"
    encoding-sniffer "^0.2.1"
    htmlparser2 "^10.1.0"
    parse5 "^7.3.0"
    parse5-htmlparser2-tree-adapter "^7.1.0"
    parse5-parser-stream "^7.1.2"
    undici "^7.19.0"
    whatwg-mimetype "^4.0.0"

chokidar@^4.0.3:
  version "4.0.3"
  dependencies:
    readdirp "^4.0.1"

commander@^14.0.3:
  version "14.0.3"

commander@^4.0.0:
  version "4.1.1"

confbox@^0.1.8:
  version "0.1.8"

consola@^3.4.0:
  version "3.4.2"

croner@10.0.1:
  version "10.0.1"

css-select@^5.1.0:
  version "5.2.2"
  dependencies:
    boolbase "^1.0.0"
    css-what "^6.1.0"
    domhandler "^5.0.2"
    domutils "^3.0.1"
    nth-check "^2.0.1"

css-what@^6.1.0:
  version "6.2.2"

debug@^4.4.0:
  version "4.4.3"
  dependencies:
    ms "^2.1.3"

dom-serializer@^2.0.0:
  version "2.0.0"
  dependencies:
    domelementtype "^2.3.0"
    domhandler "^5.0.2"
    entities "^4.2.0"

domelementtype@^2.3.0:
  version "2.3.0"

domhandler@^5.0.2, domhandler@^5.0.3:
  version "5.0.3"
  dependencies:
    domelementtype "^2.3.0"

domutils@^3.0.1, domutils@^3.2.2:
  version "3.2.2"
  dependencies:
    dom-serializer "^2.0.0"
    domelementtype "^2.3.0"
    domhandler "^5.0.3"

encoding-sniffer@^0.2.1:
  version "0.2.1"
  dependencies:
    iconv-lite "^0.6.3"
    whatwg-encoding "^3.1.1"

entities@^4.2.0:
  version "4.5.0"

entities@^6.0.0:
  version "6.0.1"

entities@^7.0.1:
  version "7.0.1"

es-module-lexer@^1.7.0:
  version "1.7.0"

esbuild@^0.27.0, esbuild@>=0.18, esbuild@~0.27.0:
  version "0.27.3"
  optionalDependencies:
    "@esbuild/aix-ppc64" "0.27.3"
    "@esbuild/android-arm" "0.27.3"
    "@esbuild/android-arm64" "0.27.3"
    "@esbuild/android-x64" "0.27.3"
    "@esbuild/darwin-arm64" "0.27.3"
    "@esbuild/darwin-x64" "0.27.3"
    "@esbuild/freebsd-arm64" "0.27.3"
    "@esbuild/freebsd-x64" "0.27.3"
    "@esbuild/linux-arm" "0.27.3"
    "@esbuild/linux-arm64" "0.27.3"
    "@esbuild/linux-ia32" "0.27.3"
    "@esbuild/linux-loong64" "0.27.3"
    "@esbuild/linux-mips64el" "0.27.3"
    "@esbuild/linux-ppc64" "0.27.3"
    "@esbuild/linux-riscv64" "0.27.3"
    "@esbuild/linux-s390x" "0.27.3"
    "@esbuild/linux-x64" "0.27.3"
    "@esbuild/netbsd-arm64" "0.27.3"
    "@esbuild/netbsd-x64" "0.27.3"
    "@esbuild/openbsd-arm64" "0.27.3"
    "@esbuild/openbsd-x64" "0.27.3"
    "@esbuild/openharmony-arm64" "0.27.3"
    "@esbuild/sunos-x64" "0.27.3"
    "@esbuild/win32-arm64" "0.27.3"
    "@esbuild/win32-ia32" "0.27.3"
    "@esbuild/win32-x64" "0.27.3"

estree-walker@^3.0.3:
  version "3.0.3"
  dependencies:
    "@types/estree" "^1.0.0"

expect-type@^1.2.2:
  version "1.3.0"

fdir@^6.5.0:
  version "6.5.0"

fix-dts-default-cjs-exports@^1.0.0:
  version "1.0.1"
  dependencies:
    magic-string "^0.30.17"
    mlly "^1.7.4"
    rollup "^4.34.8"

fsevents@~2.3.2, fsevents@~2.3.3:
  version "2.3.3"

get-tsconfig@^4.7.5:
  version "4.13.6"
  dependencies:
    resolve-pkg-maps "^1.0.0"

htmlparser2@^10.1.0:
  version "10.1.0"
  dependencies:
    domelementtype "^2.3.0"
    domhandler "^5.0.3"
    domutils "^3.2.2"
    entities "^7.0.1"

iconv-lite@^0.6.3, iconv-lite@0.6.3:
  version "0.6.3"
  dependencies:
    safer-buffer ">= 2.1.2 < 3.0.0"

iso-datestring-validator@^2.2.2:
  version "2.2.2"

joycon@^3.1.1:
  version "3.1.1"

lilconfig@^3.1.1:
  version "3.1.3"

lines-and-columns@^1.1.6:
  version "1.2.4"

load-tsconfig@^0.2.3:
  version "0.2.5"

magic-string@^0.30.17, magic-string@^0.30.21:
  version "0.30.21"
  dependencies:
    "@jridgewell/sourcemap-codec" "^1.5.5"

mlly@^1.7.4:
  version "1.8.0"
  dependencies:
    acorn "^8.15.0"
    pathe "^2.0.3"
    pkg-types "^1.3.1"
    ufo "^1.6.1"

ms@^2.1.3:
  version "2.1.3"

multiformats@^9.4.2, multiformats@^9.9.0:
  version "9.9.0"

mz@^2.7.0:
  version "2.7.0"
  dependencies:
    any-promise "^1.0.0"
    object-assign "^4.0.1"
    thenify-all "^1.0.0"

nanoid@^3.3.11:
  version "3.3.11"

nth-check@^2.0.1:
  version "2.1.1"
  dependencies:
    boolbase "^1.0.0"

object-assign@^4.0.1:
  version "4.1.1"

obug@^2.1.1:
  version "2.1.1"

parse5-htmlparser2-tree-adapter@^7.1.0:
  version "7.1.0"
  dependencies:
    domhandler "^5.0.3"
    parse5 "^7.0.0"

parse5-parser-stream@^7.1.2:
  version "7.1.2"
  dependencies:
    parse5 "^7.0.0"

parse5@^7.0.0, parse5@^7.3.0:
  version "7.3.0"
  dependencies:
    entities "^6.0.0"

pathe@^2.0.1, pathe@^2.0.3:
  version "2.0.3"

picocolors@^1.1.1:
  version "1.1.1"

"picomatch@^3 || ^4", picomatch@^4.0.3:
  version "4.0.3"

pirates@^4.0.1:
  version "4.0.7"

pkg-types@^1.3.1:
  version "1.3.1"
  dependencies:
    confbox "^0.1.8"
    mlly "^1.7.4"
    pathe "^2.0.1"

postcss-load-config@^6.0.1:
  version "6.0.1"
  dependencies:
    lilconfig "^3.1.1"

postcss@^8.4.12, postcss@^8.5.6, postcss@>=8.0.9:
  version "8.5.8"
  dependencies:
    nanoid "^3.3.11"
    picocolors "^1.1.1"
    source-map-js "^1.2.1"

readdirp@^4.0.1:
  version "4.1.2"

resolve-from@^5.0.0:
  version "5.0.0"

resolve-pkg-maps@^1.0.0:
  version "1.0.0"

rollup@^4.34.8, rollup@^4.43.0:
  version "4.59.0"
  dependencies:
    "@types/estree" "1.0.8"
  optionalDependencies:
    "@rollup/rollup-android-arm-eabi" "4.59.0"
    "@rollup/rollup-android-arm64" "4.59.0"
    "@rollup/rollup-darwin-arm64" "4.59.0"
    "@rollup/rollup-darwin-x64" "4.59.0"
    "@rollup/rollup-freebsd-arm64" "4.59.0"
    "@rollup/rollup-freebsd-x64" "4.59.0"
    "@rollup/rollup-linux-arm-gnueabihf" "4.59.0"
    "@rollup/rollup-linux-arm-musleabihf" "4.59.0"
    "@rollup/rollup-linux-arm64-gnu" "4.59.0"
    "@rollup/rollup-linux-arm64-musl" "4.59.0"
    "@rollup/rollup-linux-loong64-gnu" "4.59.0"
    "@rollup/rollup-linux-loong64-musl" "4.59.0"
    "@rollup/rollup-linux-ppc64-gnu" "4.59.0"
    "@rollup/rollup-linux-ppc64-musl" "4.59.0"
    "@rollup/rollup-linux-riscv64-gnu" "4.59.0"
    "@rollup/rollup-linux-riscv64-musl" "4.59.0"
    "@rollup/rollup-linux-s390x-gnu" "4.59.0"
    "@rollup/rollup-linux-x64-gnu" "4.59.0"
    "@rollup/rollup-linux-x64-musl" "4.59.0"
    "@rollup/rollup-openbsd-x64" "4.59.0"
    "@rollup/rollup-openharmony-arm64" "4.59.0"
    "@rollup/rollup-win32-arm64-msvc" "4.59.0"
    "@rollup/rollup-win32-ia32-msvc" "4.59.0"
    "@rollup/rollup-win32-x64-gnu" "4.59.0"
    "@rollup/rollup-win32-x64-msvc" "4.59.0"
    fsevents "~2.3.2"

rrule@2.8.1:
  version "2.8.1"
  dependencies:
    tslib "^2.4.0"

"safer-buffer@>= 2.1.2 < 3.0.0":
  version "2.1.2"

semver@^7.7.4:
  version "7.7.4"

siginfo@^2.0.0:
  version "2.0.0"

smol-toml@^1.6.1:
  version "1.6.1"
  resolved "https://registry.npmjs.org/smol-toml/-/smol-toml-1.6.1.tgz"
  integrity sha512-dWUG8F5sIIARXih1DTaQAX4SsiTXhInKf1buxdY9DIg4ZYPZK5nGM1VRIYmEbDbsHt7USo99xSLFu5Q1IqTmsg==

source-map-js@^1.2.1:
  version "1.2.1"

source-map@^0.7.6:
  version "0.7.6"

stackback@0.0.2:
  version "0.0.2"

std-env@^3.10.0:
  version "3.10.0"

sucrase@^3.35.0:
  version "3.35.1"
  dependencies:
    "@jridgewell/gen-mapping" "^0.3.2"
    commander "^4.0.0"
    lines-and-columns "^1.1.6"
    mz "^2.7.0"
    pirates "^4.0.1"
    tinyglobby "^0.2.11"
    ts-interface-checker "^0.1.9"

thenify-all@^1.0.0:
  version "1.6.0"
  dependencies:
    thenify ">= 3.1.0 < 4"

"thenify@>= 3.1.0 < 4":
  version "3.3.1"
  dependencies:
    any-promise "^1.0.0"

tinybench@^2.9.0:
  version "2.9.0"

tinyexec@^0.3.2:
  version "0.3.2"

tinyexec@^1.0.2:
  version "1.0.2"

tinyglobby@^0.2.11, tinyglobby@^0.2.15:
  version "0.2.15"
  dependencies:
    fdir "^6.5.0"
    picomatch "^4.0.3"

tinyrainbow@^3.0.3:
  version "3.0.3"

tlds@^1.234.0:
  version "1.261.0"

tree-kill@^1.2.2:
  version "1.2.2"

ts-interface-checker@^0.1.9:
  version "0.1.13"

tslib@^2.4.0, tslib@^2.8.1:
  version "2.8.1"

tsup@^8.5.1:
  version "8.5.1"
  dependencies:
    bundle-require "^5.1.0"
    cac "^6.7.14"
    chokidar "^4.0.3"
    consola "^3.4.0"
    debug "^4.4.0"
    esbuild "^0.27.0"
    fix-dts-default-cjs-exports "^1.0.0"
    joycon "^3.1.1"
    picocolors "^1.1.1"
    postcss-load-config "^6.0.1"
    resolve-from "^5.0.0"
    rollup "^4.34.8"
    source-map "^0.7.6"
    sucrase "^3.35.0"
    tinyexec "^0.3.2"
    tinyglobby "^0.2.11"
    tree-kill "^1.2.2"

tsx@^4.21.0, tsx@^4.8.1:
  version "4.21.0"
  dependencies:
    esbuild "~0.27.0"
    get-tsconfig "^4.7.5"
  optionalDependencies:
    fsevents "~2.3.3"

typescript@^5.9.3, typescript@>=4.5.0:
  version "5.9.3"

ufo@^1.6.1:
  version "1.6.3"

uint8arrays@3.0.0:
  version "3.0.0"
  dependencies:
    multiformats "^9.4.2"

undici-types@~7.18.0:
  version "7.18.2"

undici@^7.19.0:
  version "7.22.0"

unicode-segmenter@^0.14.0:
  version "0.14.5"

"vite@^6.0.0 || ^7.0.0", "vite@^6.0.0 || ^7.0.0-0":
  version "7.3.1"
  dependencies:
    esbuild "^0.27.0"
    fdir "^6.5.0"
    picomatch "^4.0.3"
    postcss "^8.5.6"
    rollup "^4.43.0"
    tinyglobby "^0.2.15"
  optionalDependencies:
    fsevents "~2.3.3"

vitest@^4.0.18:
  version "4.0.18"
  dependencies:
    "@vitest/expect" "4.0.18"
    "@vitest/mocker" "4.0.18"
    "@vitest/pretty-format" "4.0.18"
    "@vitest/runner" "4.0.18"
    "@vitest/snapshot" "4.0.18"
    "@vitest/spy" "4.0.18"
    "@vitest/utils" "4.0.18"
    es-module-lexer "^1.7.0"
    expect-type "^1.2.2"
    magic-string "^0.30.21"
    obug "^2.1.1"
    pathe "^2.0.3"
    picomatch "^4.0.3"
    std-env "^3.10.0"
    tinybench "^2.9.0"
    tinyexec "^1.0.2"
    tinyglobby "^0.2.15"
    tinyrainbow "^3.0.3"
    vite "^6.0.0 || ^7.0.0"
    why-is-node-running "^2.3.0"

whatwg-encoding@^3.1.1:
  version "3.1.1"
  dependencies:
    iconv-lite "0.6.3"

whatwg-mimetype@^4.0.0:
  version "4.0.0"

why-is-node-running@^2.3.0:
  version "2.3.0"
  dependencies:
    siginfo "^2.0.0"
    stackback "0.0.2"

ws@^8.19.0:
  version "8.19.0"

zod@^3.23.8:
  version "3.25.76"
